
Microsoft Visual Studio Solution File, Format Version 12.00
# Visual Studio Version 16
VisualStudioVersion = 16.0.30503.244
MinimumVisualStudioVersion = 10.0.40219.1
Project("{FAE04EC0-301F-11D3-BF4B-00C04F79EFBC}") = "interfaceInheritance", "interfaceInheritance\interfaceInheritance.csproj", "{3BA286B1-3DC1-477C-8851-FB46B8FBE299}"
EndProject
Global
	GlobalSection(SolutionConfigurationPlatforms) = preSolution
		Debug|Any CPU = Debug|Any CPU
		Release|Any CPU = Release|Any CPU
	EndGlobalSection
	GlobalSection(ProjectConfigurationPlatforms) = postSolution
		{3BA286B1-3DC1-477C-8851-FB46B8FBE299}.Debug|Any CPU.ActiveCfg = Debug|Any CPU
		{3BA286B1-3DC1-477C-8851-FB46B8FBE299}.Debug|Any CPU.Build.0 = Debug|Any CPU
		{3BA286B1-3DC1-477C-8851-FB46B8FBE299}.Release|Any CPU.ActiveCfg = Release|Any CPU
		{3BA286B1-3DC1-477C-8851-FB46B8FBE299}.Release|Any CPU.Build.0 = Release|Any CPU
	EndGlobalSection
	GlobalSection(SolutionProperties) = preSolution
		HideSolutionNode = FALSE
	EndGlobalSection
	GlobalSection(ExtensibilityGlobals) = postSolution
		SolutionGuid = {0F5C3BCB-BF1F-4C7F-B29F-D1226620C716}
	EndGlobalSection
EndGlobal
