
Microsoft Visual Studio Solution File, Format Version 12.00
# Visual Studio Version 16
VisualStudioVersion = 16.0.30503.244
MinimumVisualStudioVersion = 10.0.40219.1
Project("{FAE04EC0-301F-11D3-BF4B-00C04F79EFBC}") = "week5", "week5\week5.csproj", "{47864DEE-CB70-4E2F-9F09-7B9E6E8F8C19}"
EndProject
Global
	GlobalSection(SolutionConfigurationPlatforms) = preSolution
		Debug|Any CPU = Debug|Any CPU
		Release|Any CPU = Release|Any CPU
	EndGlobalSection
	GlobalSection(ProjectConfigurationPlatforms) = postSolution
		{47864DEE-CB70-4E2F-9F09-7B9E6E8F8C19}.Debug|Any CPU.ActiveCfg = Debug|Any CPU
		{47864DEE-CB70-4E2F-9F09-7B9E6E8F8C19}.Debug|Any CPU.Build.0 = Debug|Any CPU
		{47864DEE-CB70-4E2F-9F09-7B9E6E8F8C19}.Release|Any CPU.ActiveCfg = Release|Any CPU
		{47864DEE-CB70-4E2F-9F09-7B9E6E8F8C19}.Release|Any CPU.Build.0 = Release|Any CPU
	EndGlobalSection
	GlobalSection(SolutionProperties) = preSolution
		HideSolutionNode = FALSE
	EndGlobalSection
	GlobalSection(ExtensibilityGlobals) = postSolution
		SolutionGuid = {474825B4-EC84-45A3-A8C6-CCD4F8B8FD04}
	EndGlobalSection
EndGlobal
